
Microsoft Visual Studio Solution File, Format Version 12.00
# Visual Studio Version 17
VisualStudioVersion = 17.9.34622.214
MinimumVisualStudioVersion = 10.0.40219.1
Project("{9A19103F-16F7-4668-BE54-9A1E7A4F7556}") = "magazinOnline", "magazinOnline.csproj", "{CE97C950-A629-49F3-9D00-78B79DB2335C}"
EndProject
Global
	GlobalSection(SolutionConfigurationPlatforms) = preSolution
		Debug|Any CPU = Debug|Any CPU
		Release|Any CPU = Release|Any CPU
	EndGlobalSection
	GlobalSection(ProjectConfigurationPlatforms) = postSolution
		{CE97C950-A629-49F3-9D00-78B79DB2335C}.Debug|Any CPU.ActiveCfg = Debug|Any CPU
		{CE97C950-A629-49F3-9D00-78B79DB2335C}.Debug|Any CPU.Build.0 = Debug|Any CPU
		{CE97C950-A629-49F3-9D00-78B79DB2335C}.Release|Any CPU.ActiveCfg = Release|Any CPU
		{CE97C950-A629-49F3-9D00-78B79DB2335C}.Release|Any CPU.Build.0 = Release|Any CPU
	EndGlobalSection
	GlobalSection(SolutionProperties) = preSolution
		HideSolutionNode = FALSE
	EndGlobalSection
	GlobalSection(ExtensibilityGlobals) = postSolution
		SolutionGuid = {F1A17C77-0F55-486A-831E-BED29BDEDC3D}
	EndGlobalSection
EndGlobal
